// !$*UTF8*$!
{
	archiveVersion = 1;
	classes = {
	};
	objectVersion = 60;
	objects = {

/* Begin PBXBuildFile section */
		1714DE642B090EC500AB5246 /* DataContext.swift in Sources */ = {isa = PBXBuildFile; fileRef = 1714DE632B090EC500AB5246 /* DataContext.swift */; };
		1714DE662B0955C800AB5246 /* SearchByAreaView.swift in Sources */ = {isa = PBXBuildFile; fileRef = 1714DE652B0955C800AB5246 /* SearchByAreaView.swift */; };
		1714DE6B2B0964B700AB5246 /* SearchByCategoryView.swift in Sources */ = {isa = PBXBuildFile; fileRef = 1714DE6A2B0964B700AB5246 /* SearchByCategoryView.swift */; };
		1714DE6D2B0A378F00AB5246 /* SearchByIngredientView.swift in Sources */ = {isa = PBXBuildFile; fileRef = 1714DE6C2B0A378F00AB5246 /* SearchByIngredientView.swift */; };
		17E53D972B07675300F35940 /* RatatouilleApp.swift in Sources */ = {isa = PBXBuildFile; fileRef = 17E53D962B07675300F35940 /* RatatouilleApp.swift */; };
		17E53D992B07675300F35940 /* ContentView.swift in Sources */ = {isa = PBXBuildFile; fileRef = 17E53D982B07675300F35940 /* ContentView.swift */; };
		17E53D9B2B07675400F35940 /* Assets.xcassets in Resources */ = {isa = PBXBuildFile; fileRef = 17E53D9A2B07675400F35940 /* Assets.xcassets */; };
		17E53D9E2B07675400F35940 /* Preview Assets.xcassets in Resources */ = {isa = PBXBuildFile; fileRef = 17E53D9D2B07675400F35940 /* Preview Assets.xcassets */; };
		17E53DA02B07675400F35940 /* Persistence.swift in Sources */ = {isa = PBXBuildFile; fileRef = 17E53D9F2B07675400F35940 /* Persistence.swift */; };
		17E53DA32B07675400F35940 /* Ratatouille.xcdatamodeld in Sources */ = {isa = PBXBuildFile; fileRef = 17E53DA12B07675400F35940 /* Ratatouille.xcdatamodeld */; };
		17E53DAD2B07675500F35940 /* RatatouilleTests.swift in Sources */ = {isa = PBXBuildFile; fileRef = 17E53DAC2B07675500F35940 /* RatatouilleTests.swift */; };
		17E53DB72B07675500F35940 /* RatatouilleUITests.swift in Sources */ = {isa = PBXBuildFile; fileRef = 17E53DB62B07675500F35940 /* RatatouilleUITests.swift */; };
		17E53DB92B07675500F35940 /* RatatouilleUITestsLaunchTests.swift in Sources */ = {isa = PBXBuildFile; fileRef = 17E53DB82B07675500F35940 /* RatatouilleUITestsLaunchTests.swift */; };
		17E53DCE2B07681400F35940 /* EditCategoryView.swift in Sources */ = {isa = PBXBuildFile; fileRef = 17E53DC62B07681400F35940 /* EditCategoryView.swift */; };
		17E53DCF2B07681400F35940 /* SearchView.swift in Sources */ = {isa = PBXBuildFile; fileRef = 17E53DC72B07681400F35940 /* SearchView.swift */; };
		17E53DD02B07681400F35940 /* EditAreaView.swift in Sources */ = {isa = PBXBuildFile; fileRef = 17E53DC82B07681400F35940 /* EditAreaView.swift */; };
		17E53DD12B07681400F35940 /* MyRecipesView.swift in Sources */ = {isa = PBXBuildFile; fileRef = 17E53DC92B07681400F35940 /* MyRecipesView.swift */; };
		17E53DD22B07681400F35940 /* EditIngredientView.swift in Sources */ = {isa = PBXBuildFile; fileRef = 17E53DCA2B07681400F35940 /* EditIngredientView.swift */; };
		17E53DD32B07681400F35940 /* SettingsView.swift in Sources */ = {isa = PBXBuildFile; fileRef = 17E53DCB2B07681400F35940 /* SettingsView.swift */; };
		17E53DD42B07681400F35940 /* SplashScreenView.swift in Sources */ = {isa = PBXBuildFile; fileRef = 17E53DCC2B07681400F35940 /* SplashScreenView.swift */; };
		17E53DD52B07681400F35940 /* EditArchiveView.swift in Sources */ = {isa = PBXBuildFile; fileRef = 17E53DCD2B07681400F35940 /* EditArchiveView.swift */; };
		17E53DD92B07689400F35940 /* AreaModel.swift in Sources */ = {isa = PBXBuildFile; fileRef = 17E53DD82B07689400F35940 /* AreaModel.swift */; };
		17E53DDB2B0768A200F35940 /* CategoryModel.swift in Sources */ = {isa = PBXBuildFile; fileRef = 17E53DDA2B0768A200F35940 /* CategoryModel.swift */; };
		17E53DDD2B0768AA00F35940 /* IngredientModel.swift in Sources */ = {isa = PBXBuildFile; fileRef = 17E53DDC2B0768AA00F35940 /* IngredientModel.swift */; };
		17E53DDF2B0768B700F35940 /* MealModel.swift in Sources */ = {isa = PBXBuildFile; fileRef = 17E53DDE2B0768B700F35940 /* MealModel.swift */; };
		17E53DE12B0768C300F35940 /* FilteredMealModel.swift in Sources */ = {isa = PBXBuildFile; fileRef = 17E53DE02B0768C300F35940 /* FilteredMealModel.swift */; };
		17E53DE32B0768D100F35940 /* MealModelModified.swift in Sources */ = {isa = PBXBuildFile; fileRef = 17E53DE22B0768D100F35940 /* MealModelModified.swift */; };
		17E53DE62B07693500F35940 /* MealAPIClient.swift in Sources */ = {isa = PBXBuildFile; fileRef = 17E53DE52B07693500F35940 /* MealAPIClient.swift */; };
		17E53DE82B07695D00F35940 /* ParseMeal.swift in Sources */ = {isa = PBXBuildFile; fileRef = 17E53DE72B07695D00F35940 /* ParseMeal.swift */; };
		17E53DF12B07744400F35940 /* Meal+CoreDataClass.swift in Sources */ = {isa = PBXBuildFile; fileRef = 17E53DEF2B07744400F35940 /* Meal+CoreDataClass.swift */; };
		17E53DF22B07744400F35940 /* Meal+CoreDataProperties.swift in Sources */ = {isa = PBXBuildFile; fileRef = 17E53DF02B07744400F35940 /* Meal+CoreDataProperties.swift */; };
		17E53DF42B07974400F35940 /* SearchMealItemView.swift in Sources */ = {isa = PBXBuildFile; fileRef = 17E53DF32B07974400F35940 /* SearchMealItemView.swift */; };
		17E53DF62B079DE900F35940 /* SearchMealListView.swift in Sources */ = {isa = PBXBuildFile; fileRef = 17E53DF52B079DE900F35940 /* SearchMealListView.swift */; };
/* End PBXBuildFile section */

/* Begin PBXContainerItemProxy section */
		17E53DA92B07675500F35940 /* PBXContainerItemProxy */ = {
			isa = PBXContainerItemProxy;
			containerPortal = 17E53D8B2B07675300F35940 /* Project object */;
			proxyType = 1;
			remoteGlobalIDString = 17E53D922B07675300F35940;
			remoteInfo = Ratatouille;
		};
		17E53DB32B07675500F35940 /* PBXContainerItemProxy */ = {
			isa = PBXContainerItemProxy;
			containerPortal = 17E53D8B2B07675300F35940 /* Project object */;
			proxyType = 1;
			remoteGlobalIDString = 17E53D922B07675300F35940;
			remoteInfo = Ratatouille;
		};
/* End PBXContainerItemProxy section */

/* Begin PBXFileReference section */
		1714DE632B090EC500AB5246 /* DataContext.swift */ = {isa = PBXFileReference; lastKnownFileType = sourcecode.swift; path = DataContext.swift; sourceTree = "<group>"; };
		1714DE652B0955C800AB5246 /* SearchByAreaView.swift */ = {isa = PBXFileReference; lastKnownFileType = sourcecode.swift; path = SearchByAreaView.swift; sourceTree = "<group>"; };
		1714DE6A2B0964B700AB5246 /* SearchByCategoryView.swift */ = {isa = PBXFileReference; lastKnownFileType = sourcecode.swift; path = SearchByCategoryView.swift; sourceTree = "<group>"; };
		1714DE6C2B0A378F00AB5246 /* SearchByIngredientView.swift */ = {isa = PBXFileReference; lastKnownFileType = sourcecode.swift; path = SearchByIngredientView.swift; sourceTree = "<group>"; };
		17E53D932B07675300F35940 /* Ratatouille.app */ = {isa = PBXFileReference; explicitFileType = wrapper.application; includeInIndex = 0; path = Ratatouille.app; sourceTree = BUILT_PRODUCTS_DIR; };
		17E53D962B07675300F35940 /* RatatouilleApp.swift */ = {isa = PBXFileReference; lastKnownFileType = sourcecode.swift; path = RatatouilleApp.swift; sourceTree = "<group>"; };
		17E53D982B07675300F35940 /* ContentView.swift */ = {isa = PBXFileReference; lastKnownFileType = sourcecode.swift; path = ContentView.swift; sourceTree = "<group>"; };
		17E53D9A2B07675400F35940 /* Assets.xcassets */ = {isa = PBXFileReference; lastKnownFileType = folder.assetcatalog; path = Assets.xcassets; sourceTree = "<group>"; };
		17E53D9D2B07675400F35940 /* Preview Assets.xcassets */ = {isa = PBXFileReference; lastKnownFileType = folder.assetcatalog; path = "Preview Assets.xcassets"; sourceTree = "<group>"; };
		17E53D9F2B07675400F35940 /* Persistence.swift */ = {isa = PBXFileReference; lastKnownFileType = sourcecode.swift; path = Persistence.swift; sourceTree = "<group>"; };
		17E53DA22B07675400F35940 /* Ratatouille.xcdatamodel */ = {isa = PBXFileReference; lastKnownFileType = wrapper.xcdatamodel; path = Ratatouille.xcdatamodel; sourceTree = "<group>"; };
		17E53DA82B07675500F35940 /* RatatouilleTests.xctest */ = {isa = PBXFileReference; explicitFileType = wrapper.cfbundle; includeInIndex = 0; path = RatatouilleTests.xctest; sourceTree = BUILT_PRODUCTS_DIR; };
		17E53DAC2B07675500F35940 /* RatatouilleTests.swift */ = {isa = PBXFileReference; lastKnownFileType = sourcecode.swift; path = RatatouilleTests.swift; sourceTree = "<group>"; };
		17E53DB22B07675500F35940 /* RatatouilleUITests.xctest */ = {isa = PBXFileReference; explicitFileType = wrapper.cfbundle; includeInIndex = 0; path = RatatouilleUITests.xctest; sourceTree = BUILT_PRODUCTS_DIR; };
		17E53DB62B07675500F35940 /* RatatouilleUITests.swift */ = {isa = PBXFileReference; lastKnownFileType = sourcecode.swift; path = RatatouilleUITests.swift; sourceTree = "<group>"; };
		17E53DB82B07675500F35940 /* RatatouilleUITestsLaunchTests.swift */ = {isa = PBXFileReference; lastKnownFileType = sourcecode.swift; path = RatatouilleUITestsLaunchTests.swift; sourceTree = "<group>"; };
		17E53DC62B07681400F35940 /* EditCategoryView.swift */ = {isa = PBXFileReference; fileEncoding = 4; lastKnownFileType = sourcecode.swift; path = EditCategoryView.swift; sourceTree = "<group>"; };
		17E53DC72B07681400F35940 /* SearchView.swift */ = {isa = PBXFileReference; fileEncoding = 4; lastKnownFileType = sourcecode.swift; path = SearchView.swift; sourceTree = "<group>"; };
		17E53DC82B07681400F35940 /* EditAreaView.swift */ = {isa = PBXFileReference; fileEncoding = 4; lastKnownFileType = sourcecode.swift; path = EditAreaView.swift; sourceTree = "<group>"; };
		17E53DC92B07681400F35940 /* MyRecipesView.swift */ = {isa = PBXFileReference; fileEncoding = 4; lastKnownFileType = sourcecode.swift; path = MyRecipesView.swift; sourceTree = "<group>"; };
		17E53DCA2B07681400F35940 /* EditIngredientView.swift */ = {isa = PBXFileReference; fileEncoding = 4; lastKnownFileType = sourcecode.swift; path = EditIngredientView.swift; sourceTree = "<group>"; };
		17E53DCB2B07681400F35940 /* SettingsView.swift */ = {isa = PBXFileReference; fileEncoding = 4; lastKnownFileType = sourcecode.swift; path = SettingsView.swift; sourceTree = "<group>"; };
		17E53DCC2B07681400F35940 /* SplashScreenView.swift */ = {isa = PBXFileReference; fileEncoding = 4; lastKnownFileType = sourcecode.swift; path = SplashScreenView.swift; sourceTree = "<group>"; };
		17E53DCD2B07681400F35940 /* EditArchiveView.swift */ = {isa = PBXFileReference; fileEncoding = 4; lastKnownFileType = sourcecode.swift; path = EditArchiveView.swift; sourceTree = "<group>"; };
		17E53DD82B07689400F35940 /* AreaModel.swift */ = {isa = PBXFileReference; fileEncoding = 4; lastKnownFileType = sourcecode.swift; path = AreaModel.swift; sourceTree = "<group>"; };
		17E53DDA2B0768A200F35940 /* CategoryModel.swift */ = {isa = PBXFileReference; fileEncoding = 4; lastKnownFileType = sourcecode.swift; path = CategoryModel.swift; sourceTree = "<group>"; };
		17E53DDC2B0768AA00F35940 /* IngredientModel.swift */ = {isa = PBXFileReference; fileEncoding = 4; lastKnownFileType = sourcecode.swift; path = IngredientModel.swift; sourceTree = "<group>"; };
		17E53DDE2B0768B700F35940 /* MealModel.swift */ = {isa = PBXFileReference; fileEncoding = 4; lastKnownFileType = sourcecode.swift; path = MealModel.swift; sourceTree = "<group>"; };
		17E53DE02B0768C300F35940 /* FilteredMealModel.swift */ = {isa = PBXFileReference; fileEncoding = 4; lastKnownFileType = sourcecode.swift; path = FilteredMealModel.swift; sourceTree = "<group>"; };
		17E53DE22B0768D100F35940 /* MealModelModified.swift */ = {isa = PBXFileReference; fileEncoding = 4; lastKnownFileType = sourcecode.swift; path = MealModelModified.swift; sourceTree = "<group>"; };
		17E53DE52B07693500F35940 /* MealAPIClient.swift */ = {isa = PBXFileReference; fileEncoding = 4; lastKnownFileType = sourcecode.swift; path = MealAPIClient.swift; sourceTree = "<group>"; };
		17E53DE72B07695D00F35940 /* ParseMeal.swift */ = {isa = PBXFileReference; fileEncoding = 4; lastKnownFileType = sourcecode.swift; path = ParseMeal.swift; sourceTree = "<group>"; };
		17E53DEF2B07744400F35940 /* Meal+CoreDataClass.swift */ = {isa = PBXFileReference; lastKnownFileType = sourcecode.swift; path = "Meal+CoreDataClass.swift"; sourceTree = "<group>"; };
		17E53DF02B07744400F35940 /* Meal+CoreDataProperties.swift */ = {isa = PBXFileReference; lastKnownFileType = sourcecode.swift; path = "Meal+CoreDataProperties.swift"; sourceTree = "<group>"; };
		17E53DF32B07974400F35940 /* SearchMealItemView.swift */ = {isa = PBXFileReference; lastKnownFileType = sourcecode.swift; path = SearchMealItemView.swift; sourceTree = "<group>"; };
		17E53DF52B079DE900F35940 /* SearchMealListView.swift */ = {isa = PBXFileReference; lastKnownFileType = sourcecode.swift; path = SearchMealListView.swift; sourceTree = "<group>"; };
/* End PBXFileReference section */

/* Begin PBXFrameworksBuildPhase section */
		17E53D902B07675300F35940 /* Frameworks */ = {
			isa = PBXFrameworksBuildPhase;
			buildActionMask = 2147483647;
			files = (
			);
			runOnlyForDeploymentPostprocessing = 0;
		};
		17E53DA52B07675500F35940 /* Frameworks */ = {
			isa = PBXFrameworksBuildPhase;
			buildActionMask = 2147483647;
			files = (
			);
			runOnlyForDeploymentPostprocessing = 0;
		};
		17E53DAF2B07675500F35940 /* Frameworks */ = {
			isa = PBXFrameworksBuildPhase;
			buildActionMask = 2147483647;
			files = (
			);
			runOnlyForDeploymentPostprocessing = 0;
		};
/* End PBXFrameworksBuildPhase section */

/* Begin PBXGroup section */
		1714DE672B09621300AB5246 /* Search */ = {
			isa = PBXGroup;
			children = (
				17E53DC72B07681400F35940 /* SearchView.swift */,
				17E53DF32B07974400F35940 /* SearchMealItemView.swift */,
				17E53DF52B079DE900F35940 /* SearchMealListView.swift */,
				1714DE652B0955C800AB5246 /* SearchByAreaView.swift */,
				1714DE6A2B0964B700AB5246 /* SearchByCategoryView.swift */,
				1714DE6C2B0A378F00AB5246 /* SearchByIngredientView.swift */,
			);
			path = Search;
			sourceTree = "<group>";
		};
		1714DE682B09622D00AB5246 /* Settings */ = {
			isa = PBXGroup;
			children = (
				17E53DCD2B07681400F35940 /* EditArchiveView.swift */,
				17E53DC82B07681400F35940 /* EditAreaView.swift */,
				17E53DC62B07681400F35940 /* EditCategoryView.swift */,
				17E53DCA2B07681400F35940 /* EditIngredientView.swift */,
				17E53DCB2B07681400F35940 /* SettingsView.swift */,
			);
			path = Settings;
			sourceTree = "<group>";
		};
		1714DE692B09625A00AB5246 /* Home */ = {
			isa = PBXGroup;
			children = (
				17E53DC92B07681400F35940 /* MyRecipesView.swift */,
			);
			path = Home;
			sourceTree = "<group>";
		};
		17E53D8A2B07675300F35940 = {
			isa = PBXGroup;
			children = (
				17E53D952B07675300F35940 /* Ratatouille */,
				17E53DAB2B07675500F35940 /* RatatouilleTests */,
				17E53DB52B07675500F35940 /* RatatouilleUITests */,
				17E53D942B07675300F35940 /* Products */,
			);
			sourceTree = "<group>";
		};
		17E53D942B07675300F35940 /* Products */ = {
			isa = PBXGroup;
			children = (
				17E53D932B07675300F35940 /* Ratatouille.app */,
				17E53DA82B07675500F35940 /* RatatouilleTests.xctest */,
				17E53DB22B07675500F35940 /* RatatouilleUITests.xctest */,
			);
			name = Products;
			sourceTree = "<group>";
		};
		17E53D952B07675300F35940 /* Ratatouille */ = {
			isa = PBXGroup;
			children = (
				17E53D962B07675300F35940 /* RatatouilleApp.swift */,
				17E53DE42B07692100F35940 /* API */,
				17E53D9A2B07675400F35940 /* Assets.xcassets */,
				17E53DD72B07687700F35940 /* Models */,
				17E53DD62B07683300F35940 /* Storage */,
				17E53DC52B0767F400F35940 /* Views */,
				17E53D9C2B07675400F35940 /* Preview Content */,
			);
			path = Ratatouille;
			sourceTree = "<group>";
		};
		17E53D9C2B07675400F35940 /* Preview Content */ = {
			isa = PBXGroup;
			children = (
				17E53D9D2B07675400F35940 /* Preview Assets.xcassets */,
			);
			path = "Preview Content";
			sourceTree = "<group>";
		};
		17E53DAB2B07675500F35940 /* RatatouilleTests */ = {
			isa = PBXGroup;
			children = (
				17E53DAC2B07675500F35940 /* RatatouilleTests.swift */,
			);
			path = RatatouilleTests;
			sourceTree = "<group>";
		};
		17E53DB52B07675500F35940 /* RatatouilleUITests */ = {
			isa = PBXGroup;
			children = (
				17E53DB62B07675500F35940 /* RatatouilleUITests.swift */,
				17E53DB82B07675500F35940 /* RatatouilleUITestsLaunchTests.swift */,
			);
			path = RatatouilleUITests;
			sourceTree = "<group>";
		};
		17E53DC52B0767F400F35940 /* Views */ = {
			isa = PBXGroup;
			children = (
				1714DE692B09625A00AB5246 /* Home */,
				1714DE682B09622D00AB5246 /* Settings */,
				1714DE672B09621300AB5246 /* Search */,
				17E53D982B07675300F35940 /* ContentView.swift */,
				17E53DCC2B07681400F35940 /* SplashScreenView.swift */,
			);
			path = Views;
			sourceTree = "<group>";
		};
		17E53DD62B07683300F35940 /* Storage */ = {
			isa = PBXGroup;
			children = (
				17E53D9F2B07675400F35940 /* Persistence.swift */,
				17E53DA12B07675400F35940 /* Ratatouille.xcdatamodeld */,
				1714DE632B090EC500AB5246 /* DataContext.swift */,
			);
			path = Storage;
			sourceTree = "<group>";
		};
		17E53DD72B07687700F35940 /* Models */ = {
			isa = PBXGroup;
			children = (
				17E53DEF2B07744400F35940 /* Meal+CoreDataClass.swift */,
				17E53DF02B07744400F35940 /* Meal+CoreDataProperties.swift */,
				17E53DE72B07695D00F35940 /* ParseMeal.swift */,
				17E53DD82B07689400F35940 /* AreaModel.swift */,
				17E53DDA2B0768A200F35940 /* CategoryModel.swift */,
				17E53DDC2B0768AA00F35940 /* IngredientModel.swift */,
				17E53DDE2B0768B700F35940 /* MealModel.swift */,
				17E53DE02B0768C300F35940 /* FilteredMealModel.swift */,
				17E53DE22B0768D100F35940 /* MealModelModified.swift */,
			);
			path = Models;
			sourceTree = "<group>";
		};
		17E53DE42B07692100F35940 /* API */ = {
			isa = PBXGroup;
			children = (
				17E53DE52B07693500F35940 /* MealAPIClient.swift */,
			);
			path = API;
			sourceTree = "<group>";
		};
/* End PBXGroup section */

/* Begin PBXNativeTarget section */
		17E53D922B07675300F35940 /* Ratatouille */ = {
			isa = PBXNativeTarget;
			buildConfigurationList = 17E53DBC2B07675500F35940 /* Build configuration list for PBXNativeTarget "Ratatouille" */;
			buildPhases = (
				17E53D8F2B07675300F35940 /* Sources */,
				17E53D902B07675300F35940 /* Frameworks */,
				17E53D912B07675300F35940 /* Resources */,
			);
			buildRules = (
			);
			dependencies = (
			);
			name = Ratatouille;
			productName = Ratatouille;
			productReference = 17E53D932B07675300F35940 /* Ratatouille.app */;
			productType = "com.apple.product-type.application";
		};
		17E53DA72B07675500F35940 /* RatatouilleTests */ = {
			isa = PBXNativeTarget;
			buildConfigurationList = 17E53DBF2B07675500F35940 /* Build configuration list for PBXNativeTarget "RatatouilleTests" */;
			buildPhases = (
				17E53DA42B07675500F35940 /* Sources */,
				17E53DA52B07675500F35940 /* Frameworks */,
				17E53DA62B07675500F35940 /* Resources */,
			);
			buildRules = (
			);
			dependencies = (
				17E53DAA2B07675500F35940 /* PBXTargetDependency */,
			);
			name = RatatouilleTests;
			productName = RatatouilleTests;
			productReference = 17E53DA82B07675500F35940 /* RatatouilleTests.xctest */;
			productType = "com.apple.product-type.bundle.unit-test";
		};
		17E53DB12B07675500F35940 /* RatatouilleUITests */ = {
			isa = PBXNativeTarget;
			buildConfigurationList = 17E53DC22B07675500F35940 /* Build configuration list for PBXNativeTarget "RatatouilleUITests" */;
			buildPhases = (
				17E53DAE2B07675500F35940 /* Sources */,
				17E53DAF2B07675500F35940 /* Frameworks */,
				17E53DB02B07675500F35940 /* Resources */,
			);
			buildRules = (
			);
			dependencies = (
				17E53DB42B07675500F35940 /* PBXTargetDependency */,
			);
			name = RatatouilleUITests;
			productName = RatatouilleUITests;
			productReference = 17E53DB22B07675500F35940 /* RatatouilleUITests.xctest */;
			productType = "com.apple.product-type.bundle.ui-testing";
		};
/* End PBXNativeTarget section */

/* Begin PBXProject section */
		17E53D8B2B07675300F35940 /* Project object */ = {
			isa = PBXProject;
			attributes = {
				BuildIndependentTargetsInParallel = 1;
				LastSwiftUpdateCheck = 1500;
				LastUpgradeCheck = 1500;
				TargetAttributes = {
					17E53D922B07675300F35940 = {
						CreatedOnToolsVersion = 15.0.1;
					};
					17E53DA72B07675500F35940 = {
						CreatedOnToolsVersion = 15.0.1;
						TestTargetID = 17E53D922B07675300F35940;
					};
					17E53DB12B07675500F35940 = {
						CreatedOnToolsVersion = 15.0.1;
						TestTargetID = 17E53D922B07675300F35940;
					};
				};
			};
			buildConfigurationList = 17E53D8E2B07675300F35940 /* Build configuration list for PBXProject "Ratatouille" */;
			compatibilityVersion = "Xcode 15.0";
			developmentRegion = en;
			hasScannedForEncodings = 0;
			knownRegions = (
				en,
				Base,
			);
			mainGroup = 17E53D8A2B07675300F35940;
			productRefGroup = 17E53D942B07675300F35940 /* Products */;
			projectDirPath = "";
			projectRoot = "";
			targets = (
				17E53D922B07675300F35940 /* Ratatouille */,
				17E53DA72B07675500F35940 /* RatatouilleTests */,
				17E53DB12B07675500F35940 /* RatatouilleUITests */,
			);
		};
/* End PBXProject section */

/* Begin PBXResourcesBuildPhase section */
		17E53D912B07675300F35940 /* Resources */ = {
			isa = PBXResourcesBuildPhase;
			buildActionMask = 2147483647;
			files = (
				17E53D9E2B07675400F35940 /* Preview Assets.xcassets in Resources */,
				17E53D9B2B07675400F35940 /* Assets.xcassets in Resources */,
			);
			runOnlyForDeploymentPostprocessing = 0;
		};
		17E53DA62B07675500F35940 /* Resources */ = {
			isa = PBXResourcesBuildPhase;
			buildActionMask = 2147483647;
			files = (
			);
			runOnlyForDeploymentPostprocessing = 0;
		};
		17E53DB02B07675500F35940 /* Resources */ = {
			isa = PBXResourcesBuildPhase;
			buildActionMask = 2147483647;
			files = (
			);
			runOnlyForDeploymentPostprocessing = 0;
		};
/* End PBXResourcesBuildPhase section */

/* Begin PBXSourcesBuildPhase section */
		17E53D8F2B07675300F35940 /* Sources */ = {
			isa = PBXSourcesBuildPhase;
			buildActionMask = 2147483647;
			files = (
				17E53DD92B07689400F35940 /* AreaModel.swift in Sources */,
				17E53DE62B07693500F35940 /* MealAPIClient.swift in Sources */,
				17E53DA02B07675400F35940 /* Persistence.swift in Sources */,
				17E53DCE2B07681400F35940 /* EditCategoryView.swift in Sources */,
				17E53DD12B07681400F35940 /* MyRecipesView.swift in Sources */,
				17E53DF42B07974400F35940 /* SearchMealItemView.swift in Sources */,
				1714DE642B090EC500AB5246 /* DataContext.swift in Sources */,
				17E53DE12B0768C300F35940 /* FilteredMealModel.swift in Sources */,
				17E53DF62B079DE900F35940 /* SearchMealListView.swift in Sources */,
				17E53D992B07675300F35940 /* ContentView.swift in Sources */,
				17E53DD42B07681400F35940 /* SplashScreenView.swift in Sources */,
				17E53DA32B07675400F35940 /* Ratatouille.xcdatamodeld in Sources */,
				1714DE6D2B0A378F00AB5246 /* SearchByIngredientView.swift in Sources */,
				17E53DF12B07744400F35940 /* Meal+CoreDataClass.swift in Sources */,
				17E53DD32B07681400F35940 /* SettingsView.swift in Sources */,
				1714DE6B2B0964B700AB5246 /* SearchByCategoryView.swift in Sources */,
				17E53DD52B07681400F35940 /* EditArchiveView.swift in Sources */,
				17E53DCF2B07681400F35940 /* SearchView.swift in Sources */,
				17E53DE82B07695D00F35940 /* ParseMeal.swift in Sources */,
				17E53DDF2B0768B700F35940 /* MealModel.swift in Sources */,
				17E53DD02B07681400F35940 /* EditAreaView.swift in Sources */,
				17E53DE32B0768D100F35940 /* MealModelModified.swift in Sources */,
				17E53DDB2B0768A200F35940 /* CategoryModel.swift in Sources */,
				17E53DF22B07744400F35940 /* Meal+CoreDataProperties.swift in Sources */,
				1714DE662B0955C800AB5246 /* SearchByAreaView.swift in Sources */,
				17E53DD22B07681400F35940 /* EditIngredientView.swift in Sources */,
				17E53D972B07675300F35940 /* RatatouilleApp.swift in Sources */,
				17E53DDD2B0768AA00F35940 /* IngredientModel.swift in Sources */,
			);
			runOnlyForDeploymentPostprocessing = 0;
		};
		17E53DA42B07675500F35940 /* Sources */ = {
			isa = PBXSourcesBuildPhase;
			buildActionMask = 2147483647;
			files = (
				17E53DAD2B07675500F35940 /* RatatouilleTests.swift in Sources */,
			);
			runOnlyForDeploymentPostprocessing = 0;
		};
		17E53DAE2B07675500F35940 /* Sources */ = {
			isa = PBXSourcesBuildPhase;
			buildActionMask = 2147483647;
			files = (
				17E53DB72B07675500F35940 /* RatatouilleUITests.swift in Sources */,
				17E53DB92B07675500F35940 /* RatatouilleUITestsLaunchTests.swift in Sources */,
			);
			runOnlyForDeploymentPostprocessing = 0;
		};
/* End PBXSourcesBuildPhase section */

/* Begin PBXTargetDependency section */
		17E53DAA2B07675500F35940 /* PBXTargetDependency */ = {
			isa = PBXTargetDependency;
			target = 17E53D922B07675300F35940 /* Ratatouille */;
			targetProxy = 17E53DA92B07675500F35940 /* PBXContainerItemProxy */;
		};
		17E53DB42B07675500F35940 /* PBXTargetDependency */ = {
			isa = PBXTargetDependency;
			target = 17E53D922B07675300F35940 /* Ratatouille */;
			targetProxy = 17E53DB32B07675500F35940 /* PBXContainerItemProxy */;
		};
/* End PBXTargetDependency section */

/* Begin XCBuildConfiguration section */
		17E53DBA2B07675500F35940 /* Debug */ = {
			isa = XCBuildConfiguration;
			buildSettings = {
				ALWAYS_SEARCH_USER_PATHS = NO;
				ASSETCATALOG_COMPILER_GENERATE_SWIFT_ASSET_SYMBOL_EXTENSIONS = YES;
				CLANG_ANALYZER_NONNULL = YES;
				CLANG_ANALYZER_NUMBER_OBJECT_CONVERSION = YES_AGGRESSIVE;
				CLANG_CXX_LANGUAGE_STANDARD = "gnu++20";
				CLANG_ENABLE_MODULES = YES;
				CLANG_ENABLE_OBJC_ARC = YES;
				CLANG_ENABLE_OBJC_WEAK = YES;
				CLANG_WARN_BLOCK_CAPTURE_AUTORELEASING = YES;
				CLANG_WARN_BOOL_CONVERSION = YES;
				CLANG_WARN_COMMA = YES;
				CLANG_WARN_CONSTANT_CONVERSION = YES;
				CLANG_WARN_DEPRECATED_OBJC_IMPLEMENTATIONS = YES;
				CLANG_WARN_DIRECT_OBJC_ISA_USAGE = YES_ERROR;
				CLANG_WARN_DOCUMENTATION_COMMENTS = YES;
				CLANG_WARN_EMPTY_BODY = YES;
				CLANG_WARN_ENUM_CONVERSION = YES;
				CLANG_WARN_INFINITE_RECURSION = YES;
				CLANG_WARN_INT_CONVERSION = YES;
				CLANG_WARN_NON_LITERAL_NULL_CONVERSION = YES;
				CLANG_WARN_OBJC_IMPLICIT_RETAIN_SELF = YES;
				CLANG_WARN_OBJC_LITERAL_CONVERSION = YES;
				CLANG_WARN_OBJC_ROOT_CLASS = YES_ERROR;
				CLANG_WARN_QUOTED_INCLUDE_IN_FRAMEWORK_HEADER = YES;
				CLANG_WARN_RANGE_LOOP_ANALYSIS = YES;
				CLANG_WARN_STRICT_PROTOTYPES = YES;
				CLANG_WARN_SUSPICIOUS_MOVE = YES;
				CLANG_WARN_UNGUARDED_AVAILABILITY = YES_AGGRESSIVE;
				CLANG_WARN_UNREACHABLE_CODE = YES;
				CLANG_WARN__DUPLICATE_METHOD_MATCH = YES;
				COPY_PHASE_STRIP = NO;
				DEBUG_INFORMATION_FORMAT = dwarf;
				ENABLE_STRICT_OBJC_MSGSEND = YES;
				ENABLE_TESTABILITY = YES;
				ENABLE_USER_SCRIPT_SANDBOXING = YES;
				GCC_C_LANGUAGE_STANDARD = gnu17;
				GCC_DYNAMIC_NO_PIC = NO;
				GCC_NO_COMMON_BLOCKS = YES;
				GCC_OPTIMIZATION_LEVEL = 0;
				GCC_PREPROCESSOR_DEFINITIONS = (
					"DEBUG=1",
					"$(inherited)",
				);
				GCC_WARN_64_TO_32_BIT_CONVERSION = YES;
				GCC_WARN_ABOUT_RETURN_TYPE = YES_ERROR;
				GCC_WARN_UNDECLARED_SELECTOR = YES;
				GCC_WARN_UNINITIALIZED_AUTOS = YES_AGGRESSIVE;
				GCC_WARN_UNUSED_FUNCTION = YES;
				GCC_WARN_UNUSED_VARIABLE = YES;
				IPHONEOS_DEPLOYMENT_TARGET = 17.0;
				LOCALIZATION_PREFERS_STRING_CATALOGS = YES;
				MTL_ENABLE_DEBUG_INFO = INCLUDE_SOURCE;
				MTL_FAST_MATH = YES;
				ONLY_ACTIVE_ARCH = YES;
				SDKROOT = iphoneos;
				SWIFT_ACTIVE_COMPILATION_CONDITIONS = "DEBUG $(inherited)";
				SWIFT_OPTIMIZATION_LEVEL = "-Onone";
			};
			name = Debug;
		};
		17E53DBB2B07675500F35940 /* Release */ = {
			isa = XCBuildConfiguration;
			buildSettings = {
				ALWAYS_SEARCH_USER_PATHS = NO;
				ASSETCATALOG_COMPILER_GENERATE_SWIFT_ASSET_SYMBOL_EXTENSIONS = YES;
				CLANG_ANALYZER_NONNULL = YES;
				CLANG_ANALYZER_NUMBER_OBJECT_CONVERSION = YES_AGGRESSIVE;
				CLANG_CXX_LANGUAGE_STANDARD = "gnu++20";
				CLANG_ENABLE_MODULES = YES;
				CLANG_ENABLE_OBJC_ARC = YES;
				CLANG_ENABLE_OBJC_WEAK = YES;
				CLANG_WARN_BLOCK_CAPTURE_AUTORELEASING = YES;
				CLANG_WARN_BOOL_CONVERSION = YES;
				CLANG_WARN_COMMA = YES;
				CLANG_WARN_CONSTANT_CONVERSION = YES;
				CLANG_WARN_DEPRECATED_OBJC_IMPLEMENTATIONS = YES;
				CLANG_WARN_DIRECT_OBJC_ISA_USAGE = YES_ERROR;
				CLANG_WARN_DOCUMENTATION_COMMENTS = YES;
				CLANG_WARN_EMPTY_BODY = YES;
				CLANG_WARN_ENUM_CONVERSION = YES;
				CLANG_WARN_INFINITE_RECURSION = YES;
				CLANG_WARN_INT_CONVERSION = YES;
				CLANG_WARN_NON_LITERAL_NULL_CONVERSION = YES;
				CLANG_WARN_OBJC_IMPLICIT_RETAIN_SELF = YES;
				CLANG_WARN_OBJC_LITERAL_CONVERSION = YES;
				CLANG_WARN_OBJC_ROOT_CLASS = YES_ERROR;
				CLANG_WARN_QUOTED_INCLUDE_IN_FRAMEWORK_HEADER = YES;
				CLANG_WARN_RANGE_LOOP_ANALYSIS = YES;
				CLANG_WARN_STRICT_PROTOTYPES = YES;
				CLANG_WARN_SUSPICIOUS_MOVE = YES;
				CLANG_WARN_UNGUARDED_AVAILABILITY = YES_AGGRESSIVE;
				CLANG_WARN_UNREACHABLE_CODE = YES;
				CLANG_WARN__DUPLICATE_METHOD_MATCH = YES;
				COPY_PHASE_STRIP = NO;
				DEBUG_INFORMATION_FORMAT = "dwarf-with-dsym";
				ENABLE_NS_ASSERTIONS = NO;
				ENABLE_STRICT_OBJC_MSGSEND = YES;
				ENABLE_USER_SCRIPT_SANDBOXING = YES;
				GCC_C_LANGUAGE_STANDARD = gnu17;
				GCC_NO_COMMON_BLOCKS = YES;
				GCC_WARN_64_TO_32_BIT_CONVERSION = YES;
				GCC_WARN_ABOUT_RETURN_TYPE = YES_ERROR;
				GCC_WARN_UNDECLARED_SELECTOR = YES;
				GCC_WARN_UNINITIALIZED_AUTOS = YES_AGGRESSIVE;
				GCC_WARN_UNUSED_FUNCTION = YES;
				GCC_WARN_UNUSED_VARIABLE = YES;
				IPHONEOS_DEPLOYMENT_TARGET = 17.0;
				LOCALIZATION_PREFERS_STRING_CATALOGS = YES;
				MTL_ENABLE_DEBUG_INFO = NO;
				MTL_FAST_MATH = YES;
				SDKROOT = iphoneos;
				SWIFT_COMPILATION_MODE = wholemodule;
				VALIDATE_PRODUCT = YES;
			};
			name = Release;
		};
		17E53DBD2B07675500F35940 /* Debug */ = {
			isa = XCBuildConfiguration;
			buildSettings = {
				ASSETCATALOG_COMPILER_APPICON_NAME = AppIcon;
				ASSETCATALOG_COMPILER_GLOBAL_ACCENT_COLOR_NAME = AccentColor;
				CODE_SIGN_STYLE = Automatic;
				CURRENT_PROJECT_VERSION = 1;
				DEVELOPMENT_ASSET_PATHS = "\"Ratatouille/Preview Content\"";
				ENABLE_PREVIEWS = YES;
				GENERATE_INFOPLIST_FILE = YES;
				INFOPLIST_KEY_UIApplicationSceneManifest_Generation = YES;
				INFOPLIST_KEY_UIApplicationSupportsIndirectInputEvents = YES;
				INFOPLIST_KEY_UILaunchScreen_Generation = YES;
				INFOPLIST_KEY_UISupportedInterfaceOrientations_iPad = "UIInterfaceOrientationPortrait UIInterfaceOrientationPortraitUpsideDown UIInterfaceOrientationLandscapeLeft UIInterfaceOrientationLandscapeRight";
				INFOPLIST_KEY_UISupportedInterfaceOrientations_iPhone = "UIInterfaceOrientationPortrait UIInterfaceOrientationLandscapeLeft UIInterfaceOrientationLandscapeRight";
				LD_RUNPATH_SEARCH_PATHS = (
					"$(inherited)",
					"@executable_path/Frameworks",
				);
				MARKETING_VERSION = 1.0;
				PRODUCT_BUNDLE_IDENTIFIER = OysteinEngell.Ratatouille;
				PRODUCT_NAME = "$(TARGET_NAME)";
				SWIFT_EMIT_LOC_STRINGS = YES;
				SWIFT_VERSION = 5.0;
				TARGETED_DEVICE_FAMILY = "1,2";
			};
			name = Debug;
		};
		17E53DBE2B07675500F35940 /* Release */ = {
			isa = XCBuildConfiguration;
			buildSettings = {
				ASSETCATALOG_COMPILER_APPICON_NAME = AppIcon;
				ASSETCATALOG_COMPILER_GLOBAL_ACCENT_COLOR_NAME = AccentColor;
				CODE_SIGN_STYLE = Automatic;
				CURRENT_PROJECT_VERSION = 1;
				DEVELOPMENT_ASSET_PATHS = "\"Ratatouille/Preview Content\"";
				ENABLE_PREVIEWS = YES;
				GENERATE_INFOPLIST_FILE = YES;
				INFOPLIST_KEY_UIApplicationSceneManifest_Generation = YES;
				INFOPLIST_KEY_UIApplicationSupportsIndirectInputEvents = YES;
				INFOPLIST_KEY_UILaunchScreen_Generation = YES;
				INFOPLIST_KEY_UISupportedInterfaceOrientations_iPad = "UIInterfaceOrientationPortrait UIInterfaceOrientationPortraitUpsideDown UIInterfaceOrientationLandscapeLeft UIInterfaceOrientationLandscapeRight";
				INFOPLIST_KEY_UISupportedInterfaceOrientations_iPhone = "UIInterfaceOrientationPortrait UIInterfaceOrientationLandscapeLeft UIInterfaceOrientationLandscapeRight";
				LD_RUNPATH_SEARCH_PATHS = (
					"$(inherited)",
					"@executable_path/Frameworks",
				);
				MARKETING_VERSION = 1.0;
				PRODUCT_BUNDLE_IDENTIFIER = OysteinEngell.Ratatouille;
				PRODUCT_NAME = "$(TARGET_NAME)";
				SWIFT_EMIT_LOC_STRINGS = YES;
				SWIFT_VERSION = 5.0;
				TARGETED_DEVICE_FAMILY = "1,2";
			};
			name = Release;
		};
		17E53DC02B07675500F35940 /* Debug */ = {
			isa = XCBuildConfiguration;
			buildSettings = {
				ALWAYS_EMBED_SWIFT_STANDARD_LIBRARIES = YES;
				BUNDLE_LOADER = "$(TEST_HOST)";
				CODE_SIGN_STYLE = Automatic;
				CURRENT_PROJECT_VERSION = 1;
				GENERATE_INFOPLIST_FILE = YES;
				IPHONEOS_DEPLOYMENT_TARGET = 17.0;
				MARKETING_VERSION = 1.0;
				PRODUCT_BUNDLE_IDENTIFIER = OysteinEngell.RatatouilleTests;
				PRODUCT_NAME = "$(TARGET_NAME)";
				SWIFT_EMIT_LOC_STRINGS = NO;
				SWIFT_VERSION = 5.0;
				TARGETED_DEVICE_FAMILY = "1,2";
				TEST_HOST = "$(BUILT_PRODUCTS_DIR)/Ratatouille.app/$(BUNDLE_EXECUTABLE_FOLDER_PATH)/Ratatouille";
			};
			name = Debug;
		};
		17E53DC12B07675500F35940 /* Release */ = {
			isa = XCBuildConfiguration;
			buildSettings = {
				ALWAYS_EMBED_SWIFT_STANDARD_LIBRARIES = YES;
				BUNDLE_LOADER = "$(TEST_HOST)";
				CODE_SIGN_STYLE = Automatic;
				CURRENT_PROJECT_VERSION = 1;
				GENERATE_INFOPLIST_FILE = YES;
				IPHONEOS_DEPLOYMENT_TARGET = 17.0;
				MARKETING_VERSION = 1.0;
				PRODUCT_BUNDLE_IDENTIFIER = OysteinEngell.RatatouilleTests;
				PRODUCT_NAME = "$(TARGET_NAME)";
				SWIFT_EMIT_LOC_STRINGS = NO;
				SWIFT_VERSION = 5.0;
				TARGETED_DEVICE_FAMILY = "1,2";
				TEST_HOST = "$(BUILT_PRODUCTS_DIR)/Ratatouille.app/$(BUNDLE_EXECUTABLE_FOLDER_PATH)/Ratatouille";
			};
			name = Release;
		};
		17E53DC32B07675500F35940 /* Debug */ = {
			isa = XCBuildConfiguration;
			buildSettings = {
				ALWAYS_EMBED_SWIFT_STANDARD_LIBRARIES = YES;
				CODE_SIGN_STYLE = Automatic;
				CURRENT_PROJECT_VERSION = 1;
				GENERATE_INFOPLIST_FILE = YES;
				MARKETING_VERSION = 1.0;
				PRODUCT_BUNDLE_IDENTIFIER = OysteinEngell.RatatouilleUITests;
				PRODUCT_NAME = "$(TARGET_NAME)";
				SWIFT_EMIT_LOC_STRINGS = NO;
				SWIFT_VERSION = 5.0;
				TARGETED_DEVICE_FAMILY = "1,2";
				TEST_TARGET_NAME = Ratatouille;
			};
			name = Debug;
		};
		17E53DC42B07675500F35940 /* Release */ = {
			isa = XCBuildConfiguration;
			buildSettings = {
				ALWAYS_EMBED_SWIFT_STANDARD_LIBRARIES = YES;
				CODE_SIGN_STYLE = Automatic;
				CURRENT_PROJECT_VERSION = 1;
				GENERATE_INFOPLIST_FILE = YES;
				MARKETING_VERSION = 1.0;
				PRODUCT_BUNDLE_IDENTIFIER = OysteinEngell.RatatouilleUITests;
				PRODUCT_NAME = "$(TARGET_NAME)";
				SWIFT_EMIT_LOC_STRINGS = NO;
				SWIFT_VERSION = 5.0;
				TARGETED_DEVICE_FAMILY = "1,2";
				TEST_TARGET_NAME = Ratatouille;
			};
			name = Release;
		};
/* End XCBuildConfiguration section */

/* Begin XCConfigurationList section */
		17E53D8E2B07675300F35940 /* Build configuration list for PBXProject "Ratatouille" */ = {
			isa = XCConfigurationList;
			buildConfigurations = (
				17E53DBA2B07675500F35940 /* Debug */,
				17E53DBB2B07675500F35940 /* Release */,
			);
			defaultConfigurationIsVisible = 0;
			defaultConfigurationName = Release;
		};
		17E53DBC2B07675500F35940 /* Build configuration list for PBXNativeTarget "Ratatouille" */ = {
			isa = XCConfigurationList;
			buildConfigurations = (
				17E53DBD2B07675500F35940 /* Debug */,
				17E53DBE2B07675500F35940 /* Release */,
			);
			defaultConfigurationIsVisible = 0;
			defaultConfigurationName = Release;
		};
		17E53DBF2B07675500F35940 /* Build configuration list for PBXNativeTarget "RatatouilleTests" */ = {
			isa = XCConfigurationList;
			buildConfigurations = (
				17E53DC02B07675500F35940 /* Debug */,
				17E53DC12B07675500F35940 /* Release */,
			);
			defaultConfigurationIsVisible = 0;
			defaultConfigurationName = Release;
		};
		17E53DC22B07675500F35940 /* Build configuration list for PBXNativeTarget "RatatouilleUITests" */ = {
			isa = XCConfigurationList;
			buildConfigurations = (
				17E53DC32B07675500F35940 /* Debug */,
				17E53DC42B07675500F35940 /* Release */,
			);
			defaultConfigurationIsVisible = 0;
			defaultConfigurationName = Release;
		};
/* End XCConfigurationList section */

/* Begin XCVersionGroup section */
		17E53DA12B07675400F35940 /* Ratatouille.xcdatamodeld */ = {
			isa = XCVersionGroup;
			children = (
				17E53DA22B07675400F35940 /* Ratatouille.xcdatamodel */,
			);
			currentVersion = 17E53DA22B07675400F35940 /* Ratatouille.xcdatamodel */;
			path = Ratatouille.xcdatamodeld;
			sourceTree = "<group>";
			versionGroupType = wrapper.xcdatamodel;
		};
/* End XCVersionGroup section */
	};
	rootObject = 17E53D8B2B07675300F35940 /* Project object */;
}
